
Microsoft Visual Studio Solution File, Format Version 12.00
# Visual Studio 15
VisualStudioVersion = 15.0.26730.8
MinimumVisualStudioVersion = 10.0.40219.1
Project("{8BC9CEB8-8B4A-11D0-8D11-00A0C91BC942}") = "OpenCLDirectX11", "OpenCLDirectX11\OpenCLDirectX11.vcxproj", "{0323ABF7-535C-4BF8-B2FA-61D47A0BEE94}"
EndProject
Global
	GlobalSection(SolutionConfigurationPlatforms) = preSolution
		Debug|x64 = Debug|x64
		Debug|x86 = Debug|x86
		Release|x64 = Release|x64
		Release|x86 = Release|x86
	EndGlobalSection
	GlobalSection(ProjectConfigurationPlatforms) = postSolution
		{0323ABF7-535C-4BF8-B2FA-61D47A0BEE94}.Debug|x64.ActiveCfg = Debug|x64
		{0323ABF7-535C-4BF8-B2FA-61D47A0BEE94}.Debug|x64.Build.0 = Debug|x64
		{0323ABF7-535C-4BF8-B2FA-61D47A0BEE94}.Debug|x86.ActiveCfg = Debug|Win32
		{0323ABF7-535C-4BF8-B2FA-61D47A0BEE94}.Debug|x86.Build.0 = Debug|Win32
		{0323ABF7-535C-4BF8-B2FA-61D47A0BEE94}.Release|x64.ActiveCfg = Release|x64
		{0323ABF7-535C-4BF8-B2FA-61D47A0BEE94}.Release|x64.Build.0 = Release|x64
		{0323ABF7-535C-4BF8-B2FA-61D47A0BEE94}.Release|x86.ActiveCfg = Release|Win32
		{0323ABF7-535C-4BF8-B2FA-61D47A0BEE94}.Release|x86.Build.0 = Release|Win32
	EndGlobalSection
	GlobalSection(SolutionProperties) = preSolution
		HideSolutionNode = FALSE
	EndGlobalSection
	GlobalSection(ExtensibilityGlobals) = postSolution
		SolutionGuid = {E4353B2D-CFDE-4CB2-BF79-0855E1ED03EA}
	EndGlobalSection
EndGlobal
